
Microsoft Visual Studio Solution File, Format Version 12.00
Project("{FAE04EC0-301F-11D3-BF4B-00C04F79EFBC}") = "day-01", "day-01\day-01.csproj", "{DC7592DB-DD69-4299-9901-0BFD18335F31}"
EndProject
Project("{FAE04EC0-301F-11D3-BF4B-00C04F79EFBC}") = "day-02", "day-02\day-02.csproj", "{7F54AD46-9D94-4CD5-A37A-84B034BB4B22}"
EndProject
Project("{FAE04EC0-301F-11D3-BF4B-00C04F79EFBC}") = "day-03", "day-03\day-03.csproj", "{6141A113-2522-4763-820D-DE3F24955B65}"
EndProject
Project("{FAE04EC0-301F-11D3-BF4B-00C04F79EFBC}") = "day-04", "day-04\day-04.csproj", "{0780DF4F-CA2A-4A86-9807-9AE6241E40B3}"
EndProject
Project("{FAE04EC0-301F-11D3-BF4B-00C04F79EFBC}") = "day-05", "day-05\day-05.csproj", "{0D7314A0-E83A-466D-979B-5A53BEBC3A4A}"
EndProject
Project("{FAE04EC0-301F-11D3-BF4B-00C04F79EFBC}") = "day-06", "day-06\day-06.csproj", "{6A5C4B7A-7F46-451F-B5CE-0CE310109519}"
EndProject
Project("{FAE04EC0-301F-11D3-BF4B-00C04F79EFBC}") = "day07", "day07\day07.csproj", "{3C19F29D-A687-42EC-B988-620FD08E66AA}"
EndProject
Global
	GlobalSection(SolutionConfigurationPlatforms) = preSolution
		Debug|Any CPU = Debug|Any CPU
		Release|Any CPU = Release|Any CPU
	EndGlobalSection
	GlobalSection(ProjectConfigurationPlatforms) = postSolution
		{DC7592DB-DD69-4299-9901-0BFD18335F31}.Debug|Any CPU.ActiveCfg = Debug|Any CPU
		{DC7592DB-DD69-4299-9901-0BFD18335F31}.Debug|Any CPU.Build.0 = Debug|Any CPU
		{DC7592DB-DD69-4299-9901-0BFD18335F31}.Release|Any CPU.ActiveCfg = Release|Any CPU
		{DC7592DB-DD69-4299-9901-0BFD18335F31}.Release|Any CPU.Build.0 = Release|Any CPU
		{7F54AD46-9D94-4CD5-A37A-84B034BB4B22}.Debug|Any CPU.ActiveCfg = Debug|Any CPU
		{7F54AD46-9D94-4CD5-A37A-84B034BB4B22}.Debug|Any CPU.Build.0 = Debug|Any CPU
		{7F54AD46-9D94-4CD5-A37A-84B034BB4B22}.Release|Any CPU.ActiveCfg = Release|Any CPU
		{7F54AD46-9D94-4CD5-A37A-84B034BB4B22}.Release|Any CPU.Build.0 = Release|Any CPU
		{6141A113-2522-4763-820D-DE3F24955B65}.Debug|Any CPU.ActiveCfg = Debug|Any CPU
		{6141A113-2522-4763-820D-DE3F24955B65}.Debug|Any CPU.Build.0 = Debug|Any CPU
		{6141A113-2522-4763-820D-DE3F24955B65}.Release|Any CPU.ActiveCfg = Release|Any CPU
		{6141A113-2522-4763-820D-DE3F24955B65}.Release|Any CPU.Build.0 = Release|Any CPU
		{0780DF4F-CA2A-4A86-9807-9AE6241E40B3}.Debug|Any CPU.ActiveCfg = Debug|Any CPU
		{0780DF4F-CA2A-4A86-9807-9AE6241E40B3}.Debug|Any CPU.Build.0 = Debug|Any CPU
		{0780DF4F-CA2A-4A86-9807-9AE6241E40B3}.Release|Any CPU.ActiveCfg = Release|Any CPU
		{0780DF4F-CA2A-4A86-9807-9AE6241E40B3}.Release|Any CPU.Build.0 = Release|Any CPU
		{0D7314A0-E83A-466D-979B-5A53BEBC3A4A}.Debug|Any CPU.ActiveCfg = Debug|Any CPU
		{0D7314A0-E83A-466D-979B-5A53BEBC3A4A}.Debug|Any CPU.Build.0 = Debug|Any CPU
		{0D7314A0-E83A-466D-979B-5A53BEBC3A4A}.Release|Any CPU.ActiveCfg = Release|Any CPU
		{0D7314A0-E83A-466D-979B-5A53BEBC3A4A}.Release|Any CPU.Build.0 = Release|Any CPU
		{6A5C4B7A-7F46-451F-B5CE-0CE310109519}.Debug|Any CPU.ActiveCfg = Debug|Any CPU
		{6A5C4B7A-7F46-451F-B5CE-0CE310109519}.Debug|Any CPU.Build.0 = Debug|Any CPU
		{6A5C4B7A-7F46-451F-B5CE-0CE310109519}.Release|Any CPU.ActiveCfg = Release|Any CPU
		{6A5C4B7A-7F46-451F-B5CE-0CE310109519}.Release|Any CPU.Build.0 = Release|Any CPU
		{3C19F29D-A687-42EC-B988-620FD08E66AA}.Debug|Any CPU.ActiveCfg = Debug|Any CPU
		{3C19F29D-A687-42EC-B988-620FD08E66AA}.Debug|Any CPU.Build.0 = Debug|Any CPU
		{3C19F29D-A687-42EC-B988-620FD08E66AA}.Release|Any CPU.ActiveCfg = Release|Any CPU
		{3C19F29D-A687-42EC-B988-620FD08E66AA}.Release|Any CPU.Build.0 = Release|Any CPU
	EndGlobalSection
EndGlobal
