
Microsoft Visual Studio Solution File, Format Version 12.00
Project("{FAE04EC0-301F-11D3-BF4B-00C04F79EFBC}") = "day-01", "day-01\day-01.csproj", "{DC7592DB-DD69-4299-9901-0BFD18335F31}"
EndProject
Global
	GlobalSection(SolutionConfigurationPlatforms) = preSolution
		Debug|Any CPU = Debug|Any CPU
		Release|Any CPU = Release|Any CPU
	EndGlobalSection
	GlobalSection(ProjectConfigurationPlatforms) = postSolution
		{DC7592DB-DD69-4299-9901-0BFD18335F31}.Debug|Any CPU.ActiveCfg = Debug|Any CPU
		{DC7592DB-DD69-4299-9901-0BFD18335F31}.Debug|Any CPU.Build.0 = Debug|Any CPU
		{DC7592DB-DD69-4299-9901-0BFD18335F31}.Release|Any CPU.ActiveCfg = Release|Any CPU
		{DC7592DB-DD69-4299-9901-0BFD18335F31}.Release|Any CPU.Build.0 = Release|Any CPU
	EndGlobalSection
EndGlobal
